// !$*UTF8*$!
{
	archiveVersion = 1;
	classes = {
	};
	objectVersion = 77;
	objects = {

/* Begin PBXBuildFile section */
		81B0F9372FB73F260019ADDE /* ContentView.swift in Sources */ = {isa = PBXBuildFile; fileRef = 81B0F9362FB73F260019ADDE /* ContentView.swift */; };
		81B0F9392FB73F270019ADDE /* Assets.xcassets in Resources */ = {isa = PBXBuildFile; fileRef = 81B0F9382FB73F270019ADDE /* Assets.xcassets */; };
		81B0F9642FB742B00019ADDE /* MainTabView.swift in Sources */ = {isa = PBXBuildFile; fileRef = 81B0F9632FB742AD0019ADDE /* MainTabView.swift */; };
		81B0F9692FB743050019ADDE /* HomeView.swift in Sources */ = {isa = PBXBuildFile; fileRef = 81B0F9682FB742FC0019ADDE /* HomeView.swift */; };
		81B0F96B2FB743210019ADDE /* OrdersView.swift in Sources */ = {isa = PBXBuildFile; fileRef = 81B0F96A2FB7431D0019ADDE /* OrdersView.swift */; };
		81B0F96D2FB743380019ADDE /* ProfileView.swift in Sources */ = {isa = PBXBuildFile; fileRef = 81B0F96C2FB743340019ADDE /* ProfileView.swift */; };
/* End PBXBuildFile section */

/* Begin PBXContainerItemProxy section */
		81B0F93F2FB73F270019ADDE /* PBXContainerItemProxy */ = {
			isa = PBXContainerItemProxy;
			containerPortal = 81B0F9292FB73F260019ADDE /* Project object */;
			proxyType = 1;
			remoteGlobalIDString = 81B0F9302FB73F260019ADDE;
			remoteInfo = EATSIT;
		};
		81B0F9492FB73F270019ADDE /* PBXContainerItemProxy */ = {
			isa = PBXContainerItemProxy;
			containerPortal = 81B0F9292FB73F260019ADDE /* Project object */;
			proxyType = 1;
			remoteGlobalIDString = 81B0F9302FB73F260019ADDE;
			remoteInfo = EATSIT;
		};
/* End PBXContainerItemProxy section */

/* Begin PBXFileReference section */
		81B0F9312FB73F260019ADDE /* EATSIT.app */ = {isa = PBXFileReference; explicitFileType = wrapper.application; includeInIndex = 0; path = EATSIT.app; sourceTree = BUILT_PRODUCTS_DIR; };
		81B0F9362FB73F260019ADDE /* ContentView.swift */ = {isa = PBXFileReference; lastKnownFileType = sourcecode.swift; path = ContentView.swift; sourceTree = "<group>"; };
		81B0F9382FB73F270019ADDE /* Assets.xcassets */ = {isa = PBXFileReference; lastKnownFileType = folder.assetcatalog; path = Assets.xcassets; sourceTree = "<group>"; };
		81B0F93E2FB73F270019ADDE /* EATSITTests.xctest */ = {isa = PBXFileReference; explicitFileType = wrapper.cfbundle; includeInIndex = 0; path = EATSITTests.xctest; sourceTree = BUILT_PRODUCTS_DIR; };
		81B0F9482FB73F270019ADDE /* EATSITUITests.xctest */ = {isa = PBXFileReference; explicitFileType = wrapper.cfbundle; includeInIndex = 0; path = EATSITUITests.xctest; sourceTree = BUILT_PRODUCTS_DIR; };
		81B0F9632FB742AD0019ADDE /* MainTabView.swift */ = {isa = PBXFileReference; lastKnownFileType = sourcecode.swift; path = MainTabView.swift; sourceTree = "<group>"; };
		81B0F9682FB742FC0019ADDE /* HomeView.swift */ = {isa = PBXFileReference; lastKnownFileType = sourcecode.swift; path = HomeView.swift; sourceTree = "<group>"; };
		81B0F96A2FB7431D0019ADDE /* OrdersView.swift */ = {isa = PBXFileReference; lastKnownFileType = sourcecode.swift; path = OrdersView.swift; sourceTree = "<group>"; };
		81B0F96C2FB743340019ADDE /* ProfileView.swift */ = {isa = PBXFileReference; lastKnownFileType = sourcecode.swift; path = ProfileView.swift; sourceTree = "<group>"; };
/* End PBXFileReference section */

/* Begin PBXFileSystemSynchronizedRootGroup section */
		81B0F9332FB73F260019ADDE /* EATSIT */ = {
			isa = PBXFileSystemSynchronizedRootGroup;
			path = EATSIT;
			sourceTree = "<group>";
		};
		81B0F9412FB73F270019ADDE /* EATSITTests */ = {
			isa = PBXFileSystemSynchronizedRootGroup;
			path = EATSITTests;
			sourceTree = "<group>";
		};
		81B0F94B2FB73F270019ADDE /* EATSITUITests */ = {
			isa = PBXFileSystemSynchronizedRootGroup;
			path = EATSITUITests;
			sourceTree = "<group>";
		};
/* End PBXFileSystemSynchronizedRootGroup section */

/* Begin PBXFrameworksBuildPhase section */
		81B0F92E2FB73F260019ADDE /* Frameworks */ = {
			isa = PBXFrameworksBuildPhase;
			buildActionMask = 2147483647;
			files = (
			);
			runOnlyForDeploymentPostprocessing = 0;
		};
		81B0F93B2FB73F270019ADDE /* Frameworks */ = {
			isa = PBXFrameworksBuildPhase;
			buildActionMask = 2147483647;
			files = (
			);
			runOnlyForDeploymentPostprocessing = 0;
		};
		81B0F9452FB73F270019ADDE /* Frameworks */ = {
			isa = PBXFrameworksBuildPhase;
			buildActionMask = 2147483647;
			files = (
			);
			runOnlyForDeploymentPostprocessing = 0;
		};
/* End PBXFrameworksBuildPhase section */

/* Begin PBXGroup section */
		81B0F9282FB73F260019ADDE = {
			isa = PBXGroup;
			children = (
				81B0F9622FB740F40019ADDE /* Models */,
				81B0F9612FB740B30019ADDE /* Helpers */,
				81B0F9602FB740A90019ADDE /* Resources  */,
				81B0F95F2FB740970019ADDE /* Components */,
				81B0F95E2FB7408D0019ADDE /* Services */,
				81B0F95D2FB7407E0019ADDE /* ViewModels */,
				81B0F95C2FB7406F0019ADDE /* Views */,
				81B0F9332FB73F260019ADDE /* EATSIT */,
				81B0F9412FB73F270019ADDE /* EATSITTests */,
				81B0F94B2FB73F270019ADDE /* EATSITUITests */,
				81B0F9322FB73F260019ADDE /* Products */,
			);
			sourceTree = "<group>";
		};
		81B0F9322FB73F260019ADDE /* Products */ = {
			isa = PBXGroup;
			children = (
				81B0F9312FB73F260019ADDE /* EATSIT.app */,
				81B0F93E2FB73F270019ADDE /* EATSITTests.xctest */,
				81B0F9482FB73F270019ADDE /* EATSITUITests.xctest */,
			);
			name = Products;
			sourceTree = "<group>";
		};
		81B0F95C2FB7406F0019ADDE /* Views */ = {
			isa = PBXGroup;
			children = (
				81B0F96C2FB743340019ADDE /* ProfileView.swift */,
				81B0F96A2FB7431D0019ADDE /* OrdersView.swift */,
				81B0F9682FB742FC0019ADDE /* HomeView.swift */,
				81B0F9632FB742AD0019ADDE /* MainTabView.swift */,
				81B0F9362FB73F260019ADDE /* ContentView.swift */,
			);
			path = Views;
			sourceTree = "<group>";
		};
		81B0F95D2FB7407E0019ADDE /* ViewModels */ = {
			isa = PBXGroup;
			children = (
			);
			path = ViewModels;
			sourceTree = "<group>";
		};
		81B0F95E2FB7408D0019ADDE /* Services */ = {
			isa = PBXGroup;
			children = (
			);
			path = Services;
			sourceTree = "<group>";
		};
		81B0F95F2FB740970019ADDE /* Components */ = {
			isa = PBXGroup;
			children = (
			);
			path = Components;
			sourceTree = "<group>";
		};
		81B0F9602FB740A90019ADDE /* Resources  */ = {
			isa = PBXGroup;
			children = (
				81B0F9382FB73F270019ADDE /* Assets.xcassets */,
			);
			path = "Resources ";
			sourceTree = "<group>";
		};
		81B0F9612FB740B30019ADDE /* Helpers */ = {
			isa = PBXGroup;
			children = (
			);
			path = Helpers;
			sourceTree = "<group>";
		};
		81B0F9622FB740F40019ADDE /* Models */ = {
			isa = PBXGroup;
			children = (
			);
			path = Models;
			sourceTree = "<group>";
		};
/* End PBXGroup section */

/* Begin PBXNativeTarget section */
		81B0F9302FB73F260019ADDE /* EATSIT */ = {
			isa = PBXNativeTarget;
			buildConfigurationList = 81B0F9522FB73F270019ADDE /* Build configuration list for PBXNativeTarget "EATSIT" */;
			buildPhases = (
				81B0F92D2FB73F260019ADDE /* Sources */,
				81B0F92E2FB73F260019ADDE /* Frameworks */,
				81B0F92F2FB73F260019ADDE /* Resources */,
			);
			buildRules = (
			);
			dependencies = (
			);
			fileSystemSynchronizedGroups = (
				81B0F9332FB73F260019ADDE /* EATSIT */,
			);
			name = EATSIT;
			packageProductDependencies = (
			);
			productName = EATSIT;
			productReference = 81B0F9312FB73F260019ADDE /* EATSIT.app */;
			productType = "com.apple.product-type.application";
		};
		81B0F93D2FB73F270019ADDE /* EATSITTests */ = {
			isa = PBXNativeTarget;
			buildConfigurationList = 81B0F9552FB73F270019ADDE /* Build configuration list for PBXNativeTarget "EATSITTests" */;
			buildPhases = (
				81B0F93A2FB73F270019ADDE /* Sources */,
				81B0F93B2FB73F270019ADDE /* Frameworks */,
				81B0F93C2FB73F270019ADDE /* Resources */,
			);
			buildRules = (
			);
			dependencies = (
				81B0F9402FB73F270019ADDE /* PBXTargetDependency */,
			);
			fileSystemSynchronizedGroups = (
				81B0F9412FB73F270019ADDE /* EATSITTests */,
			);
			name = EATSITTests;
			packageProductDependencies = (
			);
			productName = EATSITTests;
			productReference = 81B0F93E2FB73F270019ADDE /* EATSITTests.xctest */;
			productType = "com.apple.product-type.bundle.unit-test";
		};
		81B0F9472FB73F270019ADDE /* EATSITUITests */ = {
			isa = PBXNativeTarget;
			buildConfigurationList = 81B0F9582FB73F270019ADDE /* Build configuration list for PBXNativeTarget "EATSITUITests" */;
			buildPhases = (
				81B0F9442FB73F270019ADDE /* Sources */,
				81B0F9452FB73F270019ADDE /* Frameworks */,
				81B0F9462FB73F270019ADDE /* Resources */,
			);
			buildRules = (
			);
			dependencies = (
				81B0F94A2FB73F270019ADDE /* PBXTargetDependency */,
			);
			fileSystemSynchronizedGroups = (
				81B0F94B2FB73F270019ADDE /* EATSITUITests */,
			);
			name = EATSITUITests;
			packageProductDependencies = (
			);
			productName = EATSITUITests;
			productReference = 81B0F9482FB73F270019ADDE /* EATSITUITests.xctest */;
			productType = "com.apple.product-type.bundle.ui-testing";
		};
/* End PBXNativeTarget section */

/* Begin PBXProject section */
		81B0F9292FB73F260019ADDE /* Project object */ = {
			isa = PBXProject;
			attributes = {
				BuildIndependentTargetsInParallel = 1;
				LastSwiftUpdateCheck = 2640;
				LastUpgradeCheck = 2640;
				TargetAttributes = {
					81B0F9302FB73F260019ADDE = {
						CreatedOnToolsVersion = 26.4;
					};
					81B0F93D2FB73F270019ADDE = {
						CreatedOnToolsVersion = 26.4;
						TestTargetID = 81B0F9302FB73F260019ADDE;
					};
					81B0F9472FB73F270019ADDE = {
						CreatedOnToolsVersion = 26.4;
						TestTargetID = 81B0F9302FB73F260019ADDE;
					};
				};
			};
			buildConfigurationList = 81B0F92C2FB73F260019ADDE /* Build configuration list for PBXProject "EATSIT" */;
			developmentRegion = en;
			hasScannedForEncodings = 0;
			knownRegions = (
				en,
				Base,
			);
			mainGroup = 81B0F9282FB73F260019ADDE;
			minimizedProjectReferenceProxies = 1;
			preferredProjectObjectVersion = 77;
			productRefGroup = 81B0F9322FB73F260019ADDE /* Products */;
			projectDirPath = "";
			projectRoot = "";
			targets = (
				81B0F9302FB73F260019ADDE /* EATSIT */,
				81B0F93D2FB73F270019ADDE /* EATSITTests */,
				81B0F9472FB73F270019ADDE /* EATSITUITests */,
			);
		};
/* End PBXProject section */

/* Begin PBXResourcesBuildPhase section */
		81B0F92F2FB73F260019ADDE /* Resources */ = {
			isa = PBXResourcesBuildPhase;
			buildActionMask = 2147483647;
			files = (
				81B0F9392FB73F270019ADDE /* Assets.xcassets in Resources */,
			);
			runOnlyForDeploymentPostprocessing = 0;
		};
		81B0F93C2FB73F270019ADDE /* Resources */ = {
			isa = PBXResourcesBuildPhase;
			buildActionMask = 2147483647;
			files = (
			);
			runOnlyForDeploymentPostprocessing = 0;
		};
		81B0F9462FB73F270019ADDE /* Resources */ = {
			isa = PBXResourcesBuildPhase;
			buildActionMask = 2147483647;
			files = (
			);
			runOnlyForDeploymentPostprocessing = 0;
		};
/* End PBXResourcesBuildPhase section */

/* Begin PBXSourcesBuildPhase section */
		81B0F92D2FB73F260019ADDE /* Sources */ = {
			isa = PBXSourcesBuildPhase;
			buildActionMask = 2147483647;
			files = (
				81B0F96B2FB743210019ADDE /* OrdersView.swift in Sources */,
				81B0F9372FB73F260019ADDE /* ContentView.swift in Sources */,
				81B0F9692FB743050019ADDE /* HomeView.swift in Sources */,
				81B0F96D2FB743380019ADDE /* ProfileView.swift in Sources */,
				81B0F9642FB742B00019ADDE /* MainTabView.swift in Sources */,
			);
			runOnlyForDeploymentPostprocessing = 0;
		};
		81B0F93A2FB73F270019ADDE /* Sources */ = {
			isa = PBXSourcesBuildPhase;
			buildActionMask = 2147483647;
			files = (
			);
			runOnlyForDeploymentPostprocessing = 0;
		};
		81B0F9442FB73F270019ADDE /* Sources */ = {
			isa = PBXSourcesBuildPhase;
			buildActionMask = 2147483647;
			files = (
			);
			runOnlyForDeploymentPostprocessing = 0;
		};
/* End PBXSourcesBuildPhase section */

/* Begin PBXTargetDependency section */
		81B0F9402FB73F270019ADDE /* PBXTargetDependency */ = {
			isa = PBXTargetDependency;
			target = 81B0F9302FB73F260019ADDE /* EATSIT */;
			targetProxy = 81B0F93F2FB73F270019ADDE /* PBXContainerItemProxy */;
		};
		81B0F94A2FB73F270019ADDE /* PBXTargetDependency */ = {
			isa = PBXTargetDependency;
			target = 81B0F9302FB73F260019ADDE /* EATSIT */;
			targetProxy = 81B0F9492FB73F270019ADDE /* PBXContainerItemProxy */;
		};
/* End PBXTargetDependency section */

/* Begin XCBuildConfiguration section */
		81B0F9502FB73F270019ADDE /* Debug */ = {
			isa = XCBuildConfiguration;
			buildSettings = {
				ALWAYS_SEARCH_USER_PATHS = NO;
				ASSETCATALOG_COMPILER_GENERATE_SWIFT_ASSET_SYMBOL_EXTENSIONS = YES;
				CLANG_ANALYZER_NONNULL = YES;
				CLANG_ANALYZER_NUMBER_OBJECT_CONVERSION = YES_AGGRESSIVE;
				CLANG_CXX_LANGUAGE_STANDARD = "gnu++20";
				CLANG_ENABLE_MODULES = YES;
				CLANG_ENABLE_OBJC_ARC = YES;
				CLANG_ENABLE_OBJC_WEAK = YES;
				CLANG_WARN_BLOCK_CAPTURE_AUTORELEASING = YES;
				CLANG_WARN_BOOL_CONVERSION = YES;
				CLANG_WARN_COMMA = YES;
				CLANG_WARN_CONSTANT_CONVERSION = YES;
				CLANG_WARN_DEPRECATED_OBJC_IMPLEMENTATIONS = YES;
				CLANG_WARN_DIRECT_OBJC_ISA_USAGE = YES_ERROR;
				CLANG_WARN_DOCUMENTATION_COMMENTS = YES;
				CLANG_WARN_EMPTY_BODY = YES;
				CLANG_WARN_ENUM_CONVERSION = YES;
				CLANG_WARN_INFINITE_RECURSION = YES;
				CLANG_WARN_INT_CONVERSION = YES;
				CLANG_WARN_NON_LITERAL_NULL_CONVERSION = YES;
				CLANG_WARN_OBJC_IMPLICIT_RETAIN_SELF = YES;
				CLANG_WARN_OBJC_LITERAL_CONVERSION = YES;
				CLANG_WARN_OBJC_ROOT_CLASS = YES_ERROR;
				CLANG_WARN_QUOTED_INCLUDE_IN_FRAMEWORK_HEADER = YES;
				CLANG_WARN_RANGE_LOOP_ANALYSIS = YES;
				CLANG_WARN_STRICT_PROTOTYPES = YES;
				CLANG_WARN_SUSPICIOUS_MOVE = YES;
				CLANG_WARN_UNGUARDED_AVAILABILITY = YES_AGGRESSIVE;
				CLANG_WARN_UNREACHABLE_CODE = YES;
				CLANG_WARN__DUPLICATE_METHOD_MATCH = YES;
				COPY_PHASE_STRIP = NO;
				DEBUG_INFORMATION_FORMAT = dwarf;
				ENABLE_STRICT_OBJC_MSGSEND = YES;
				ENABLE_TESTABILITY = YES;
				ENABLE_USER_SCRIPT_SANDBOXING = YES;
				GCC_C_LANGUAGE_STANDARD = gnu17;
				GCC_DYNAMIC_NO_PIC = NO;
				GCC_NO_COMMON_BLOCKS = YES;
				GCC_OPTIMIZATION_LEVEL = 0;
				GCC_PREPROCESSOR_DEFINITIONS = (
					"DEBUG=1",
					"$(inherited)",
				);
				GCC_WARN_64_TO_32_BIT_CONVERSION = YES;
				GCC_WARN_ABOUT_RETURN_TYPE = YES_ERROR;
				GCC_WARN_UNDECLARED_SELECTOR = YES;
				GCC_WARN_UNINITIALIZED_AUTOS = YES_AGGRESSIVE;
				GCC_WARN_UNUSED_FUNCTION = YES;
				GCC_WARN_UNUSED_VARIABLE = YES;
				IPHONEOS_DEPLOYMENT_TARGET = 26.4;
				LOCALIZATION_PREFERS_STRING_CATALOGS = YES;
				MTL_ENABLE_DEBUG_INFO = INCLUDE_SOURCE;
				MTL_FAST_MATH = YES;
				ONLY_ACTIVE_ARCH = YES;
				SDKROOT = iphoneos;
				SWIFT_ACTIVE_COMPILATION_CONDITIONS = "DEBUG $(inherited)";
				SWIFT_OPTIMIZATION_LEVEL = "-Onone";
			};
			name = Debug;
		};
		81B0F9512FB73F270019ADDE /* Release */ = {
			isa = XCBuildConfiguration;
			buildSettings = {
				ALWAYS_SEARCH_USER_PATHS = NO;
				ASSETCATALOG_COMPILER_GENERATE_SWIFT_ASSET_SYMBOL_EXTENSIONS = YES;
				CLANG_ANALYZER_NONNULL = YES;
				CLANG_ANALYZER_NUMBER_OBJECT_CONVERSION = YES_AGGRESSIVE;
				CLANG_CXX_LANGUAGE_STANDARD = "gnu++20";
				CLANG_ENABLE_MODULES = YES;
				CLANG_ENABLE_OBJC_ARC = YES;
				CLANG_ENABLE_OBJC_WEAK = YES;
				CLANG_WARN_BLOCK_CAPTURE_AUTORELEASING = YES;
				CLANG_WARN_BOOL_CONVERSION = YES;
				CLANG_WARN_COMMA = YES;
				CLANG_WARN_CONSTANT_CONVERSION = YES;
				CLANG_WARN_DEPRECATED_OBJC_IMPLEMENTATIONS = YES;
				CLANG_WARN_DIRECT_OBJC_ISA_USAGE = YES_ERROR;
				CLANG_WARN_DOCUMENTATION_COMMENTS = YES;
				CLANG_WARN_EMPTY_BODY = YES;
				CLANG_WARN_ENUM_CONVERSION = YES;
				CLANG_WARN_INFINITE_RECURSION = YES;
				CLANG_WARN_INT_CONVERSION = YES;
				CLANG_WARN_NON_LITERAL_NULL_CONVERSION = YES;
				CLANG_WARN_OBJC_IMPLICIT_RETAIN_SELF = YES;
				CLANG_WARN_OBJC_LITERAL_CONVERSION = YES;
				CLANG_WARN_OBJC_ROOT_CLASS = YES_ERROR;
				CLANG_WARN_QUOTED_INCLUDE_IN_FRAMEWORK_HEADER = YES;
				CLANG_WARN_RANGE_LOOP_ANALYSIS = YES;
				CLANG_WARN_STRICT_PROTOTYPES = YES;
				CLANG_WARN_SUSPICIOUS_MOVE = YES;
				CLANG_WARN_UNGUARDED_AVAILABILITY = YES_AGGRESSIVE;
				CLANG_WARN_UNREACHABLE_CODE = YES;
				CLANG_WARN__DUPLICATE_METHOD_MATCH = YES;
				COPY_PHASE_STRIP = NO;
				DEBUG_INFORMATION_FORMAT = "dwarf-with-dsym";
				ENABLE_NS_ASSERTIONS = NO;
				ENABLE_STRICT_OBJC_MSGSEND = YES;
				ENABLE_USER_SCRIPT_SANDBOXING = YES;
				GCC_C_LANGUAGE_STANDARD = gnu17;
				GCC_NO_COMMON_BLOCKS = YES;
				GCC_WARN_64_TO_32_BIT_CONVERSION = YES;
				GCC_WARN_ABOUT_RETURN_TYPE = YES_ERROR;
				GCC_WARN_UNDECLARED_SELECTOR = YES;
				GCC_WARN_UNINITIALIZED_AUTOS = YES_AGGRESSIVE;
				GCC_WARN_UNUSED_FUNCTION = YES;
				GCC_WARN_UNUSED_VARIABLE = YES;
				IPHONEOS_DEPLOYMENT_TARGET = 26.4;
				LOCALIZATION_PREFERS_STRING_CATALOGS = YES;
				MTL_ENABLE_DEBUG_INFO = NO;
				MTL_FAST_MATH = YES;
				SDKROOT = iphoneos;
				SWIFT_COMPILATION_MODE = wholemodule;
				VALIDATE_PRODUCT = YES;
			};
			name = Release;
		};
		81B0F9532FB73F270019ADDE /* Debug */ = {
			isa = XCBuildConfiguration;
			buildSettings = {
				ASSETCATALOG_COMPILER_APPICON_NAME = AppIcon;
				ASSETCATALOG_COMPILER_GLOBAL_ACCENT_COLOR_NAME = AccentColor;
				CODE_SIGN_STYLE = Automatic;
				CURRENT_PROJECT_VERSION = 1;
				ENABLE_PREVIEWS = YES;
				GENERATE_INFOPLIST_FILE = YES;
				INFOPLIST_KEY_UIApplicationSceneManifest_Generation = YES;
				INFOPLIST_KEY_UIApplicationSupportsIndirectInputEvents = YES;
				INFOPLIST_KEY_UILaunchScreen_Generation = YES;
				INFOPLIST_KEY_UISupportedInterfaceOrientations_iPad = "UIInterfaceOrientationPortrait UIInterfaceOrientationPortraitUpsideDown UIInterfaceOrientationLandscapeLeft UIInterfaceOrientationLandscapeRight";
				INFOPLIST_KEY_UISupportedInterfaceOrientations_iPhone = "UIInterfaceOrientationPortrait UIInterfaceOrientationLandscapeLeft UIInterfaceOrientationLandscapeRight";
				LD_RUNPATH_SEARCH_PATHS = (
					"$(inherited)",
					"@executable_path/Frameworks",
				);
				MARKETING_VERSION = 1.0;
				PRODUCT_BUNDLE_IDENTIFIER = com.polina.EATSIT;
				PRODUCT_NAME = "$(TARGET_NAME)";
				STRING_CATALOG_GENERATE_SYMBOLS = YES;
				SWIFT_APPROACHABLE_CONCURRENCY = YES;
				SWIFT_DEFAULT_ACTOR_ISOLATION = MainActor;
				SWIFT_EMIT_LOC_STRINGS = YES;
				SWIFT_UPCOMING_FEATURE_MEMBER_IMPORT_VISIBILITY = YES;
				SWIFT_VERSION = 5.0;
				TARGETED_DEVICE_FAMILY = "1,2";
			};
			name = Debug;
		};
		81B0F9542FB73F270019ADDE /* Release */ = {
			isa = XCBuildConfiguration;
			buildSettings = {
				ASSETCATALOG_COMPILER_APPICON_NAME = AppIcon;
				ASSETCATALOG_COMPILER_GLOBAL_ACCENT_COLOR_NAME = AccentColor;
				CODE_SIGN_STYLE = Automatic;
				CURRENT_PROJECT_VERSION = 1;
				ENABLE_PREVIEWS = YES;
				GENERATE_INFOPLIST_FILE = YES;
				INFOPLIST_KEY_UIApplicationSceneManifest_Generation = YES;
				INFOPLIST_KEY_UIApplicationSupportsIndirectInputEvents = YES;
				INFOPLIST_KEY_UILaunchScreen_Generation = YES;
				INFOPLIST_KEY_UISupportedInterfaceOrientations_iPad = "UIInterfaceOrientationPortrait UIInterfaceOrientationPortraitUpsideDown UIInterfaceOrientationLandscapeLeft UIInterfaceOrientationLandscapeRight";
				INFOPLIST_KEY_UISupportedInterfaceOrientations_iPhone = "UIInterfaceOrientationPortrait UIInterfaceOrientationLandscapeLeft UIInterfaceOrientationLandscapeRight";
				LD_RUNPATH_SEARCH_PATHS = (
					"$(inherited)",
					"@executable_path/Frameworks",
				);
				MARKETING_VERSION = 1.0;
				PRODUCT_BUNDLE_IDENTIFIER = com.polina.EATSIT;
				PRODUCT_NAME = "$(TARGET_NAME)";
				STRING_CATALOG_GENERATE_SYMBOLS = YES;
				SWIFT_APPROACHABLE_CONCURRENCY = YES;
				SWIFT_DEFAULT_ACTOR_ISOLATION = MainActor;
				SWIFT_EMIT_LOC_STRINGS = YES;
				SWIFT_UPCOMING_FEATURE_MEMBER_IMPORT_VISIBILITY = YES;
				SWIFT_VERSION = 5.0;
				TARGETED_DEVICE_FAMILY = "1,2";
			};
			name = Release;
		};
		81B0F9562FB73F270019ADDE /* Debug */ = {
			isa = XCBuildConfiguration;
			buildSettings = {
				BUNDLE_LOADER = "$(TEST_HOST)";
				CODE_SIGN_STYLE = Automatic;
				CURRENT_PROJECT_VERSION = 1;
				GENERATE_INFOPLIST_FILE = YES;
				IPHONEOS_DEPLOYMENT_TARGET = 26.4;
				MARKETING_VERSION = 1.0;
				PRODUCT_BUNDLE_IDENTIFIER = com.polina.EATSITTests;
				PRODUCT_NAME = "$(TARGET_NAME)";
				STRING_CATALOG_GENERATE_SYMBOLS = NO;
				SWIFT_APPROACHABLE_CONCURRENCY = YES;
				SWIFT_EMIT_LOC_STRINGS = NO;
				SWIFT_UPCOMING_FEATURE_MEMBER_IMPORT_VISIBILITY = YES;
				SWIFT_VERSION = 5.0;
				TARGETED_DEVICE_FAMILY = "1,2";
				TEST_HOST = "$(BUILT_PRODUCTS_DIR)/EATSIT.app/$(BUNDLE_EXECUTABLE_FOLDER_PATH)/EATSIT";
			};
			name = Debug;
		};
		81B0F9572FB73F270019ADDE /* Release */ = {
			isa = XCBuildConfiguration;
			buildSettings = {
				BUNDLE_LOADER = "$(TEST_HOST)";
				CODE_SIGN_STYLE = Automatic;
				CURRENT_PROJECT_VERSION = 1;
				GENERATE_INFOPLIST_FILE = YES;
				IPHONEOS_DEPLOYMENT_TARGET = 26.4;
				MARKETING_VERSION = 1.0;
				PRODUCT_BUNDLE_IDENTIFIER = com.polina.EATSITTests;
				PRODUCT_NAME = "$(TARGET_NAME)";
				STRING_CATALOG_GENERATE_SYMBOLS = NO;
				SWIFT_APPROACHABLE_CONCURRENCY = YES;
				SWIFT_EMIT_LOC_STRINGS = NO;
				SWIFT_UPCOMING_FEATURE_MEMBER_IMPORT_VISIBILITY = YES;
				SWIFT_VERSION = 5.0;
				TARGETED_DEVICE_FAMILY = "1,2";
				TEST_HOST = "$(BUILT_PRODUCTS_DIR)/EATSIT.app/$(BUNDLE_EXECUTABLE_FOLDER_PATH)/EATSIT";
			};
			name = Release;
		};
		81B0F9592FB73F270019ADDE /* Debug */ = {
			isa = XCBuildConfiguration;
			buildSettings = {
				CODE_SIGN_STYLE = Automatic;
				CURRENT_PROJECT_VERSION = 1;
				GENERATE_INFOPLIST_FILE = YES;
				MARKETING_VERSION = 1.0;
				PRODUCT_BUNDLE_IDENTIFIER = com.polina.EATSITUITests;
				PRODUCT_NAME = "$(TARGET_NAME)";
				STRING_CATALOG_GENERATE_SYMBOLS = NO;
				SWIFT_APPROACHABLE_CONCURRENCY = YES;
				SWIFT_EMIT_LOC_STRINGS = NO;
				SWIFT_UPCOMING_FEATURE_MEMBER_IMPORT_VISIBILITY = YES;
				SWIFT_VERSION = 5.0;
				TARGETED_DEVICE_FAMILY = "1,2";
				TEST_TARGET_NAME = EATSIT;
			};
			name = Debug;
		};
		81B0F95A2FB73F270019ADDE /* Release */ = {
			isa = XCBuildConfiguration;
			buildSettings = {
				CODE_SIGN_STYLE = Automatic;
				CURRENT_PROJECT_VERSION = 1;
				GENERATE_INFOPLIST_FILE = YES;
				MARKETING_VERSION = 1.0;
				PRODUCT_BUNDLE_IDENTIFIER = com.polina.EATSITUITests;
				PRODUCT_NAME = "$(TARGET_NAME)";
				STRING_CATALOG_GENERATE_SYMBOLS = NO;
				SWIFT_APPROACHABLE_CONCURRENCY = YES;
				SWIFT_EMIT_LOC_STRINGS = NO;
				SWIFT_UPCOMING_FEATURE_MEMBER_IMPORT_VISIBILITY = YES;
				SWIFT_VERSION = 5.0;
				TARGETED_DEVICE_FAMILY = "1,2";
				TEST_TARGET_NAME = EATSIT;
			};
			name = Release;
		};
/* End XCBuildConfiguration section */

/* Begin XCConfigurationList section */
		81B0F92C2FB73F260019ADDE /* Build configuration list for PBXProject "EATSIT" */ = {
			isa = XCConfigurationList;
			buildConfigurations = (
				81B0F9502FB73F270019ADDE /* Debug */,
				81B0F9512FB73F270019ADDE /* Release */,
			);
			defaultConfigurationIsVisible = 0;
			defaultConfigurationName = Release;
		};
		81B0F9522FB73F270019ADDE /* Build configuration list for PBXNativeTarget "EATSIT" */ = {
			isa = XCConfigurationList;
			buildConfigurations = (
				81B0F9532FB73F270019ADDE /* Debug */,
				81B0F9542FB73F270019ADDE /* Release */,
			);
			defaultConfigurationIsVisible = 0;
			defaultConfigurationName = Release;
		};
		81B0F9552FB73F270019ADDE /* Build configuration list for PBXNativeTarget "EATSITTests" */ = {
			isa = XCConfigurationList;
			buildConfigurations = (
				81B0F9562FB73F270019ADDE /* Debug */,
				81B0F9572FB73F270019ADDE /* Release */,
			);
			defaultConfigurationIsVisible = 0;
			defaultConfigurationName = Release;
		};
		81B0F9582FB73F270019ADDE /* Build configuration list for PBXNativeTarget "EATSITUITests" */ = {
			isa = XCConfigurationList;
			buildConfigurations = (
				81B0F9592FB73F270019ADDE /* Debug */,
				81B0F95A2FB73F270019ADDE /* Release */,
			);
			defaultConfigurationIsVisible = 0;
			defaultConfigurationName = Release;
		};
/* End XCConfigurationList section */
	};
	rootObject = 81B0F9292FB73F260019ADDE /* Project object */;
}
